// !$*UTF8*$!
{
	archiveVersion = 1;
	classes = {
	};
	objectVersion = 55;
	objects = {

/* Begin PBXBuildFile section */
		B95FF4D4267B43FB00335FD5 /* KefilmV2App.swift in Sources */ = {isa = PBXBuildFile; fileRef = B95FF4D3267B43FB00335FD5 /* KefilmV2App.swift */; };
		B95FF4D6267B43FB00335FD5 /* ContentView.swift in Sources */ = {isa = PBXBuildFile; fileRef = B95FF4D5267B43FB00335FD5 /* ContentView.swift */; };
		B95FF4D8267B43FC00335FD5 /* Assets.xcassets in Resources */ = {isa = PBXBuildFile; fileRef = B95FF4D7267B43FC00335FD5 /* Assets.xcassets */; };
		B95FF4DB267B43FC00335FD5 /* Preview Assets.xcassets in Resources */ = {isa = PBXBuildFile; fileRef = B95FF4DA267B43FC00335FD5 /* Preview Assets.xcassets */; };
		B95FF4E2267B447600335FD5 /* Service.swift in Sources */ = {isa = PBXBuildFile; fileRef = B95FF4E1267B447600335FD5 /* Service.swift */; };
		B95FF4E4267B480500335FD5 /* MovieModel.swift in Sources */ = {isa = PBXBuildFile; fileRef = B95FF4E3267B480500335FD5 /* MovieModel.swift */; };
		B95FF4E6267B6BDF00335FD5 /* MovieCardView.swift in Sources */ = {isa = PBXBuildFile; fileRef = B95FF4E5267B6BDF00335FD5 /* MovieCardView.swift */; };
		B95FF4E8267B79B500335FD5 /* NowPlayingView.swift in Sources */ = {isa = PBXBuildFile; fileRef = B95FF4E7267B79B500335FD5 /* NowPlayingView.swift */; };
		B95FF4EE267BD1D100335FD5 /* SwiftUIPager in Frameworks */ = {isa = PBXBuildFile; productRef = B95FF4ED267BD1D100335FD5 /* SwiftUIPager */; };
		B9821F0F267E883800D4F53B /* PopularMovieCard.swift in Sources */ = {isa = PBXBuildFile; fileRef = B9821F0E267E883800D4F53B /* PopularMovieCard.swift */; };
		B99D551E267F46BC002D9715 /* PopularMoviesView.swift in Sources */ = {isa = PBXBuildFile; fileRef = B99D551D267F46BC002D9715 /* PopularMoviesView.swift */; };
		B99D5521267F5FE0002D9715 /* SwiftUIVisualEffects in Frameworks */ = {isa = PBXBuildFile; productRef = B99D5520267F5FE0002D9715 /* SwiftUIVisualEffects */; };
		B9C8D223267D4A470013AF97 /* MovieDetailView.swift in Sources */ = {isa = PBXBuildFile; fileRef = B9C8D222267D4A470013AF97 /* MovieDetailView.swift */; };
		B9CF28B1267FBEE20098B1E8 /* MovieDetailViewModel.swift in Sources */ = {isa = PBXBuildFile; fileRef = B9CF28B0267FBEE20098B1E8 /* MovieDetailViewModel.swift */; };
/* End PBXBuildFile section */

/* Begin PBXFileReference section */
		B95FF4D0267B43FB00335FD5 /* KefilmV2.app */ = {isa = PBXFileReference; explicitFileType = wrapper.application; includeInIndex = 0; path = KefilmV2.app; sourceTree = BUILT_PRODUCTS_DIR; };
		B95FF4D3267B43FB00335FD5 /* KefilmV2App.swift */ = {isa = PBXFileReference; lastKnownFileType = sourcecode.swift; path = KefilmV2App.swift; sourceTree = "<group>"; };
		B95FF4D5267B43FB00335FD5 /* ContentView.swift */ = {isa = PBXFileReference; lastKnownFileType = sourcecode.swift; path = ContentView.swift; sourceTree = "<group>"; };
		B95FF4D7267B43FC00335FD5 /* Assets.xcassets */ = {isa = PBXFileReference; lastKnownFileType = folder.assetcatalog; path = Assets.xcassets; sourceTree = "<group>"; };
		B95FF4DA267B43FC00335FD5 /* Preview Assets.xcassets */ = {isa = PBXFileReference; lastKnownFileType = folder.assetcatalog; path = "Preview Assets.xcassets"; sourceTree = "<group>"; };
		B95FF4E1267B447600335FD5 /* Service.swift */ = {isa = PBXFileReference; lastKnownFileType = sourcecode.swift; path = Service.swift; sourceTree = "<group>"; };
		B95FF4E3267B480500335FD5 /* MovieModel.swift */ = {isa = PBXFileReference; lastKnownFileType = sourcecode.swift; path = MovieModel.swift; sourceTree = "<group>"; };
		B95FF4E5267B6BDF00335FD5 /* MovieCardView.swift */ = {isa = PBXFileReference; lastKnownFileType = sourcecode.swift; path = MovieCardView.swift; sourceTree = "<group>"; };
		B95FF4E7267B79B500335FD5 /* NowPlayingView.swift */ = {isa = PBXFileReference; lastKnownFileType = sourcecode.swift; path = NowPlayingView.swift; sourceTree = "<group>"; };
		B9821F0E267E883800D4F53B /* PopularMovieCard.swift */ = {isa = PBXFileReference; lastKnownFileType = sourcecode.swift; path = PopularMovieCard.swift; sourceTree = "<group>"; };
		B99D551D267F46BC002D9715 /* PopularMoviesView.swift */ = {isa = PBXFileReference; lastKnownFileType = sourcecode.swift; path = PopularMoviesView.swift; sourceTree = "<group>"; };
		B9C8D222267D4A470013AF97 /* MovieDetailView.swift */ = {isa = PBXFileReference; lastKnownFileType = sourcecode.swift; path = MovieDetailView.swift; sourceTree = "<group>"; };
		B9CF28B0267FBEE20098B1E8 /* MovieDetailViewModel.swift */ = {isa = PBXFileReference; lastKnownFileType = sourcecode.swift; path = MovieDetailViewModel.swift; sourceTree = "<group>"; };
/* End PBXFileReference section */

/* Begin PBXFrameworksBuildPhase section */
		B95FF4CD267B43FB00335FD5 /* Frameworks */ = {
			isa = PBXFrameworksBuildPhase;
			buildActionMask = 2147483647;
			files = (
				B95FF4EE267BD1D100335FD5 /* SwiftUIPager in Frameworks */,
				B99D5521267F5FE0002D9715 /* SwiftUIVisualEffects in Frameworks */,
			);
			runOnlyForDeploymentPostprocessing = 0;
		};
/* End PBXFrameworksBuildPhase section */

/* Begin PBXGroup section */
		B95FF4C7267B43FB00335FD5 = {
			isa = PBXGroup;
			children = (
				B95FF4D2267B43FB00335FD5 /* KefilmV2 */,
				B95FF4D1267B43FB00335FD5 /* Products */,
			);
			sourceTree = "<group>";
		};
		B95FF4D1267B43FB00335FD5 /* Products */ = {
			isa = PBXGroup;
			children = (
				B95FF4D0267B43FB00335FD5 /* KefilmV2.app */,
			);
			name = Products;
			sourceTree = "<group>";
		};
		B95FF4D2267B43FB00335FD5 /* KefilmV2 */ = {
			isa = PBXGroup;
			children = (
				B95FF4E1267B447600335FD5 /* Service.swift */,
				B95FF4D3267B43FB00335FD5 /* KefilmV2App.swift */,
				B95FF4D5267B43FB00335FD5 /* ContentView.swift */,
				B95FF4D7267B43FC00335FD5 /* Assets.xcassets */,
				B95FF4D9267B43FC00335FD5 /* Preview Content */,
				B95FF4E3267B480500335FD5 /* MovieModel.swift */,
				B95FF4E5267B6BDF00335FD5 /* MovieCardView.swift */,
				B95FF4E7267B79B500335FD5 /* NowPlayingView.swift */,
				B9C8D222267D4A470013AF97 /* MovieDetailView.swift */,
				B9821F0E267E883800D4F53B /* PopularMovieCard.swift */,
				B99D551D267F46BC002D9715 /* PopularMoviesView.swift */,
				B9CF28B0267FBEE20098B1E8 /* MovieDetailViewModel.swift */,
			);
			path = KefilmV2;
			sourceTree = "<group>";
		};
		B95FF4D9267B43FC00335FD5 /* Preview Content */ = {
			isa = PBXGroup;
			children = (
				B95FF4DA267B43FC00335FD5 /* Preview Assets.xcassets */,
			);
			path = "Preview Content";
			sourceTree = "<group>";
		};
/* End PBXGroup section */

/* Begin PBXNativeTarget section */
		B95FF4CF267B43FB00335FD5 /* KefilmV2 */ = {
			isa = PBXNativeTarget;
			buildConfigurationList = B95FF4DE267B43FC00335FD5 /* Build configuration list for PBXNativeTarget "KefilmV2" */;
			buildPhases = (
				B95FF4CC267B43FB00335FD5 /* Sources */,
				B95FF4CD267B43FB00335FD5 /* Frameworks */,
				B95FF4CE267B43FB00335FD5 /* Resources */,
			);
			buildRules = (
			);
			dependencies = (
			);
			name = KefilmV2;
			packageProductDependencies = (
				B95FF4ED267BD1D100335FD5 /* SwiftUIPager */,
				B99D5520267F5FE0002D9715 /* SwiftUIVisualEffects */,
			);
			productName = KefilmV2;
			productReference = B95FF4D0267B43FB00335FD5 /* KefilmV2.app */;
			productType = "com.apple.product-type.application";
		};
/* End PBXNativeTarget section */

/* Begin PBXProject section */
		B95FF4C8267B43FB00335FD5 /* Project object */ = {
			isa = PBXProject;
			attributes = {
				BuildIndependentTargetsInParallel = 1;
				LastSwiftUpdateCheck = 1300;
				LastUpgradeCheck = 1300;
				TargetAttributes = {
					B95FF4CF267B43FB00335FD5 = {
						CreatedOnToolsVersion = 13.0;
					};
				};
			};
			buildConfigurationList = B95FF4CB267B43FB00335FD5 /* Build configuration list for PBXProject "KefilmV2" */;
			compatibilityVersion = "Xcode 13.0";
			developmentRegion = en;
			hasScannedForEncodings = 0;
			knownRegions = (
				en,
				Base,
			);
			mainGroup = B95FF4C7267B43FB00335FD5;
			packageReferences = (
				B95FF4EC267BD1D100335FD5 /* XCRemoteSwiftPackageReference "SwiftUIPager" */,
				B99D551F267F5FE0002D9715 /* XCRemoteSwiftPackageReference "swiftui-visual-effects" */,
			);
			productRefGroup = B95FF4D1267B43FB00335FD5 /* Products */;
			projectDirPath = "";
			projectRoot = "";
			targets = (
				B95FF4CF267B43FB00335FD5 /* KefilmV2 */,
			);
		};
/* End PBXProject section */

/* Begin PBXResourcesBuildPhase section */
		B95FF4CE267B43FB00335FD5 /* Resources */ = {
			isa = PBXResourcesBuildPhase;
			buildActionMask = 2147483647;
			files = (
				B95FF4DB267B43FC00335FD5 /* Preview Assets.xcassets in Resources */,
				B95FF4D8267B43FC00335FD5 /* Assets.xcassets in Resources */,
			);
			runOnlyForDeploymentPostprocessing = 0;
		};
/* End PBXResourcesBuildPhase section */

/* Begin PBXSourcesBuildPhase section */
		B95FF4CC267B43FB00335FD5 /* Sources */ = {
			isa = PBXSourcesBuildPhase;
			buildActionMask = 2147483647;
			files = (
				B95FF4E8267B79B500335FD5 /* NowPlayingView.swift in Sources */,
				B95FF4E4267B480500335FD5 /* MovieModel.swift in Sources */,
				B95FF4E6267B6BDF00335FD5 /* MovieCardView.swift in Sources */,
				B95FF4D6267B43FB00335FD5 /* ContentView.swift in Sources */,
				B95FF4D4267B43FB00335FD5 /* KefilmV2App.swift in Sources */,
				B99D551E267F46BC002D9715 /* PopularMoviesView.swift in Sources */,
				B9CF28B1267FBEE20098B1E8 /* MovieDetailViewModel.swift in Sources */,
				B95FF4E2267B447600335FD5 /* Service.swift in Sources */,
				B9821F0F267E883800D4F53B /* PopularMovieCard.swift in Sources */,
				B9C8D223267D4A470013AF97 /* MovieDetailView.swift in Sources */,
			);
			runOnlyForDeploymentPostprocessing = 0;
		};
/* End PBXSourcesBuildPhase section */

/* Begin XCBuildConfiguration section */
		B95FF4DC267B43FC00335FD5 /* Debug */ = {
			isa = XCBuildConfiguration;
			buildSettings = {
				ALWAYS_SEARCH_USER_PATHS = NO;
				CLANG_ANALYZER_NONNULL = YES;
				CLANG_ANALYZER_NUMBER_OBJECT_CONVERSION = YES_AGGRESSIVE;
				CLANG_CXX_LANGUAGE_STANDARD = "gnu++14";
				CLANG_CXX_LIBRARY = "libc++";
				CLANG_ENABLE_MODULES = YES;
				CLANG_ENABLE_OBJC_ARC = YES;
				CLANG_ENABLE_OBJC_WEAK = YES;
				CLANG_WARN_BLOCK_CAPTURE_AUTORELEASING = YES;
				CLANG_WARN_BOOL_CONVERSION = YES;
				CLANG_WARN_COMMA = YES;
				CLANG_WARN_CONSTANT_CONVERSION = YES;
				CLANG_WARN_DEPRECATED_OBJC_IMPLEMENTATIONS = YES;
				CLANG_WARN_DIRECT_OBJC_ISA_USAGE = YES_ERROR;
				CLANG_WARN_DOCUMENTATION_COMMENTS = YES;
				CLANG_WARN_EMPTY_BODY = YES;
				CLANG_WARN_ENUM_CONVERSION = YES;
				CLANG_WARN_INFINITE_RECURSION = YES;
				CLANG_WARN_INT_CONVERSION = YES;
				CLANG_WARN_NON_LITERAL_NULL_CONVERSION = YES;
				CLANG_WARN_OBJC_IMPLICIT_RETAIN_SELF = YES;
				CLANG_WARN_OBJC_LITERAL_CONVERSION = YES;
				CLANG_WARN_OBJC_ROOT_CLASS = YES_ERROR;
				CLANG_WARN_QUOTED_INCLUDE_IN_FRAMEWORK_HEADER = YES;
				CLANG_WARN_RANGE_LOOP_ANALYSIS = YES;
				CLANG_WARN_STRICT_PROTOTYPES = YES;
				CLANG_WARN_SUSPICIOUS_MOVE = YES;
				CLANG_WARN_UNGUARDED_AVAILABILITY = YES_AGGRESSIVE;
				CLANG_WARN_UNREACHABLE_CODE = YES;
				CLANG_WARN__DUPLICATE_METHOD_MATCH = YES;
				COPY_PHASE_STRIP = NO;
				DEBUG_INFORMATION_FORMAT = dwarf;
				ENABLE_STRICT_OBJC_MSGSEND = YES;
				ENABLE_TESTABILITY = YES;
				GCC_C_LANGUAGE_STANDARD = gnu11;
				GCC_DYNAMIC_NO_PIC = NO;
				GCC_NO_COMMON_BLOCKS = YES;
				GCC_OPTIMIZATION_LEVEL = 0;
				GCC_PREPROCESSOR_DEFINITIONS = (
					"DEBUG=1",
					"$(inherited)",
				);
				GCC_WARN_64_TO_32_BIT_CONVERSION = YES;
				GCC_WARN_ABOUT_RETURN_TYPE = YES_ERROR;
				GCC_WARN_UNDECLARED_SELECTOR = YES;
				GCC_WARN_UNINITIALIZED_AUTOS = YES_AGGRESSIVE;
				GCC_WARN_UNUSED_FUNCTION = YES;
				GCC_WARN_UNUSED_VARIABLE = YES;
				IPHONEOS_DEPLOYMENT_TARGET = 15.0;
				MTL_ENABLE_DEBUG_INFO = INCLUDE_SOURCE;
				MTL_FAST_MATH = YES;
				ONLY_ACTIVE_ARCH = YES;
				SDKROOT = iphoneos;
				SWIFT_ACTIVE_COMPILATION_CONDITIONS = DEBUG;
				SWIFT_OPTIMIZATION_LEVEL = "-Onone";
			};
			name = Debug;
		};
		B95FF4DD267B43FC00335FD5 /* Release */ = {
			isa = XCBuildConfiguration;
			buildSettings = {
				ALWAYS_SEARCH_USER_PATHS = NO;
				CLANG_ANALYZER_NONNULL = YES;
				CLANG_ANALYZER_NUMBER_OBJECT_CONVERSION = YES_AGGRESSIVE;
				CLANG_CXX_LANGUAGE_STANDARD = "gnu++14";
				CLANG_CXX_LIBRARY = "libc++";
				CLANG_ENABLE_MODULES = YES;
				CLANG_ENABLE_OBJC_ARC = YES;
				CLANG_ENABLE_OBJC_WEAK = YES;
				CLANG_WARN_BLOCK_CAPTURE_AUTORELEASING = YES;
				CLANG_WARN_BOOL_CONVERSION = YES;
				CLANG_WARN_COMMA = YES;
				CLANG_WARN_CONSTANT_CONVERSION = YES;
				CLANG_WARN_DEPRECATED_OBJC_IMPLEMENTATIONS = YES;
				CLANG_WARN_DIRECT_OBJC_ISA_USAGE = YES_ERROR;
				CLANG_WARN_DOCUMENTATION_COMMENTS = YES;
				CLANG_WARN_EMPTY_BODY = YES;
				CLANG_WARN_ENUM_CONVERSION = YES;
				CLANG_WARN_INFINITE_RECURSION = YES;
				CLANG_WARN_INT_CONVERSION = YES;
				CLANG_WARN_NON_LITERAL_NULL_CONVERSION = YES;
				CLANG_WARN_OBJC_IMPLICIT_RETAIN_SELF = YES;
				CLANG_WARN_OBJC_LITERAL_CONVERSION = YES;
				CLANG_WARN_OBJC_ROOT_CLASS = YES_ERROR;
				CLANG_WARN_QUOTED_INCLUDE_IN_FRAMEWORK_HEADER = YES;
				CLANG_WARN_RANGE_LOOP_ANALYSIS = YES;
				CLANG_WARN_STRICT_PROTOTYPES = YES;
				CLANG_WARN_SUSPICIOUS_MOVE = YES;
				CLANG_WARN_UNGUARDED_AVAILABILITY = YES_AGGRESSIVE;
				CLANG_WARN_UNREACHABLE_CODE = YES;
				CLANG_WARN__DUPLICATE_METHOD_MATCH = YES;
				COPY_PHASE_STRIP = NO;
				DEBUG_INFORMATION_FORMAT = "dwarf-with-dsym";
				ENABLE_NS_ASSERTIONS = NO;
				ENABLE_STRICT_OBJC_MSGSEND = YES;
				GCC_C_LANGUAGE_STANDARD = gnu11;
				GCC_NO_COMMON_BLOCKS = YES;
				GCC_WARN_64_TO_32_BIT_CONVERSION = YES;
				GCC_WARN_ABOUT_RETURN_TYPE = YES_ERROR;
				GCC_WARN_UNDECLARED_SELECTOR = YES;
				GCC_WARN_UNINITIALIZED_AUTOS = YES_AGGRESSIVE;
				GCC_WARN_UNUSED_FUNCTION = YES;
				GCC_WARN_UNUSED_VARIABLE = YES;
				IPHONEOS_DEPLOYMENT_TARGET = 15.0;
				MTL_ENABLE_DEBUG_INFO = NO;
				MTL_FAST_MATH = YES;
				SDKROOT = iphoneos;
				SWIFT_COMPILATION_MODE = wholemodule;
				SWIFT_OPTIMIZATION_LEVEL = "-O";
				VALIDATE_PRODUCT = YES;
			};
			name = Release;
		};
		B95FF4DF267B43FC00335FD5 /* Debug */ = {
			isa = XCBuildConfiguration;
			buildSettings = {
				ASSETCATALOG_COMPILER_APPICON_NAME = AppIcon;
				ASSETCATALOG_COMPILER_GLOBAL_ACCENT_COLOR_NAME = AccentColor;
				CODE_SIGN_STYLE = Automatic;
				CURRENT_PROJECT_VERSION = 1;
				DEVELOPMENT_ASSET_PATHS = "\"KefilmV2/Preview Content\"";
				DEVELOPMENT_TEAM = WKZGS852Y3;
				ENABLE_PREVIEWS = YES;
				GENERATE_INFOPLIST_FILE = YES;
				INFOPLIST_KEY_UIApplicationSceneManifest_Generation = YES;
				INFOPLIST_KEY_UIApplicationSupportsIndirectInputEvents = YES;
				INFOPLIST_KEY_UILaunchScreen_Generation = YES;
				INFOPLIST_KEY_UISupportedInterfaceOrientations_iPad = "UIInterfaceOrientationPortrait UIInterfaceOrientationPortraitUpsideDown UIInterfaceOrientationLandscapeLeft UIInterfaceOrientationLandscapeRight";
				INFOPLIST_KEY_UISupportedInterfaceOrientations_iPhone = "UIInterfaceOrientationPortrait UIInterfaceOrientationLandscapeLeft UIInterfaceOrientationLandscapeRight";
				IPHONEOS_DEPLOYMENT_TARGET = 15.0;
				LD_RUNPATH_SEARCH_PATHS = (
					"$(inherited)",
					"@executable_path/Frameworks",
				);
				MARKETING_VERSION = 1.0;
				PRODUCT_BUNDLE_IDENTIFIER = com.demirhanoguz.KefilmV2;
				PRODUCT_NAME = "$(TARGET_NAME)";
				SWIFT_EMIT_LOC_STRINGS = YES;
				SWIFT_VERSION = 5.0;
				TARGETED_DEVICE_FAMILY = "1,2";
			};
			name = Debug;
		};
		B95FF4E0267B43FC00335FD5 /* Release */ = {
			isa = XCBuildConfiguration;
			buildSettings = {
				ASSETCATALOG_COMPILER_APPICON_NAME = AppIcon;
				ASSETCATALOG_COMPILER_GLOBAL_ACCENT_COLOR_NAME = AccentColor;
				CODE_SIGN_STYLE = Automatic;
				CURRENT_PROJECT_VERSION = 1;
				DEVELOPMENT_ASSET_PATHS = "\"KefilmV2/Preview Content\"";
				DEVELOPMENT_TEAM = WKZGS852Y3;
				ENABLE_PREVIEWS = YES;
				GENERATE_INFOPLIST_FILE = YES;
				INFOPLIST_KEY_UIApplicationSceneManifest_Generation = YES;
				INFOPLIST_KEY_UIApplicationSupportsIndirectInputEvents = YES;
				INFOPLIST_KEY_UILaunchScreen_Generation = YES;
				INFOPLIST_KEY_UISupportedInterfaceOrientations_iPad = "UIInterfaceOrientationPortrait UIInterfaceOrientationPortraitUpsideDown UIInterfaceOrientationLandscapeLeft UIInterfaceOrientationLandscapeRight";
				INFOPLIST_KEY_UISupportedInterfaceOrientations_iPhone = "UIInterfaceOrientationPortrait UIInterfaceOrientationLandscapeLeft UIInterfaceOrientationLandscapeRight";
				IPHONEOS_DEPLOYMENT_TARGET = 15.0;
				LD_RUNPATH_SEARCH_PATHS = (
					"$(inherited)",
					"@executable_path/Frameworks",
				);
				MARKETING_VERSION = 1.0;
				PRODUCT_BUNDLE_IDENTIFIER = com.demirhanoguz.KefilmV2;
				PRODUCT_NAME = "$(TARGET_NAME)";
				SWIFT_EMIT_LOC_STRINGS = YES;
				SWIFT_VERSION = 5.0;
				TARGETED_DEVICE_FAMILY = "1,2";
			};
			name = Release;
		};
/* End XCBuildConfiguration section */

/* Begin XCConfigurationList section */
		B95FF4CB267B43FB00335FD5 /* Build configuration list for PBXProject "KefilmV2" */ = {
			isa = XCConfigurationList;
			buildConfigurations = (
				B95FF4DC267B43FC00335FD5 /* Debug */,
				B95FF4DD267B43FC00335FD5 /* Release */,
			);
			defaultConfigurationIsVisible = 0;
			defaultConfigurationName = Release;
		};
		B95FF4DE267B43FC00335FD5 /* Build configuration list for PBXNativeTarget "KefilmV2" */ = {
			isa = XCConfigurationList;
			buildConfigurations = (
				B95FF4DF267B43FC00335FD5 /* Debug */,
				B95FF4E0267B43FC00335FD5 /* Release */,
			);
			defaultConfigurationIsVisible = 0;
			defaultConfigurationName = Release;
		};
/* End XCConfigurationList section */

/* Begin XCRemoteSwiftPackageReference section */
		B95FF4EC267BD1D100335FD5 /* XCRemoteSwiftPackageReference "SwiftUIPager" */ = {
			isa = XCRemoteSwiftPackageReference;
			repositoryURL = "https://github.com/fermoya/SwiftUIPager.git";
			requirement = {
				kind = upToNextMinorVersion;
				minimumVersion = 2.3.0;
			};
		};
		B99D551F267F5FE0002D9715 /* XCRemoteSwiftPackageReference "swiftui-visual-effects" */ = {
			isa = XCRemoteSwiftPackageReference;
			repositoryURL = "https://github.com/lucasbrown/swiftui-visual-effects.git";
			requirement = {
				kind = upToNextMinorVersion;
				minimumVersion = 1.0.3;
			};
		};
/* End XCRemoteSwiftPackageReference section */

/* Begin XCSwiftPackageProductDependency section */
		B95FF4ED267BD1D100335FD5 /* SwiftUIPager */ = {
			isa = XCSwiftPackageProductDependency;
			package = B95FF4EC267BD1D100335FD5 /* XCRemoteSwiftPackageReference "SwiftUIPager" */;
			productName = SwiftUIPager;
		};
		B99D5520267F5FE0002D9715 /* SwiftUIVisualEffects */ = {
			isa = XCSwiftPackageProductDependency;
			package = B99D551F267F5FE0002D9715 /* XCRemoteSwiftPackageReference "swiftui-visual-effects" */;
			productName = SwiftUIVisualEffects;
		};
/* End XCSwiftPackageProductDependency section */
	};
	rootObject = B95FF4C8267B43FB00335FD5 /* Project object */;
}
